
Microsoft Visual Studio Solution File, Format Version 12.00
# Visual Studio Version 17
VisualStudioVersion = 17.0.31919.166
MinimumVisualStudioVersion = 10.0.40219.1
Project("{FAE04EC0-301F-11D3-BF4B-00C04F79EFBC}") = "DeThi2", "DeThi2.csproj", "{6FDBA7F8-0243-406B-B735-4AAA2FD6D200}"
EndProject
Global
	GlobalSection(SolutionConfigurationPlatforms) = preSolution
		Debug|Any CPU = Debug|Any CPU
		Release|Any CPU = Release|Any CPU
	EndGlobalSection
	GlobalSection(ProjectConfigurationPlatforms) = postSolution
		{6FDBA7F8-0243-406B-B735-4AAA2FD6D200}.Debug|Any CPU.ActiveCfg = Debug|Any CPU
		{6FDBA7F8-0243-406B-B735-4AAA2FD6D200}.Debug|Any CPU.Build.0 = Debug|Any CPU
		{6FDBA7F8-0243-406B-B735-4AAA2FD6D200}.Release|Any CPU.ActiveCfg = Release|Any CPU
		{6FDBA7F8-0243-406B-B735-4AAA2FD6D200}.Release|Any CPU.Build.0 = Release|Any CPU
	EndGlobalSection
	GlobalSection(SolutionProperties) = preSolution
		HideSolutionNode = FALSE
	EndGlobalSection
	GlobalSection(ExtensibilityGlobals) = postSolution
		SolutionGuid = {341F29C5-5F99-4027-AA40-054DA377CE49}
	EndGlobalSection
EndGlobal
